<?xml version="1.0" encoding="utf-8"?>
<Project ToolsVersion="4.0" xmlns="http://schemas.microsoft.com/developer/msbuild/2003">
  <ItemGroup>
    <ClCompile Include="lab.cpp" />
    <ClCompile Include="rectangle.cpp" />
    <ClCompile Include="lab2.cpp" />
    <ClCompile Include="point.cpp" />
    <ClCompile Include="lab3.cpp" />
    <ClCompile Include="fraction.cpp" />
    <ClCompile Include="main.cpp" />
    <ClCompile Include="complex.cpp" />
  </ItemGroup>
  <ItemGroup>
    <ClInclude Include="rectangle.h" />
    <ClInclude Include="point.h" />
    <ClInclude Include="fraction.h" />
    <ClInclude Include="complex.h" />
  </ItemGroup>
</Project>